
Microsoft Visual Studio Solution File, Format Version 12.00
# Visual Studio 15
VisualStudioVersion = 15.0.27703.2035
MinimumVisualStudioVersion = 10.0.40219.1
Project("{FAE04EC0-301F-11D3-BF4B-00C04F79EFBC}") = "ProtractorAdapter", "ProtractorAdapter\ProtractorAdapter.csproj", "{03BABC29-F287-4E3A-A9F2-791C90A24519}"
EndProject
Project("{9A19103F-16F7-4668-BE54-9A1E7A4F7556}") = "CoreProtractorAdapter", "CoreProtractorAdapter\CoreProtractorAdapter.csproj", "{A4560B6B-A31F-48B6-BE7A-0B03FBE44A4C}"
EndProject
Project("{9A19103F-16F7-4668-BE54-9A1E7A4F7556}") = "CoreProtractorAdapterTest", "CoreProtractorAdapterTest\CoreProtractorAdapterTest.csproj", "{3190172A-5CD4-4A01-AEEC-3C948FED9EDA}"
EndProject
Global
	GlobalSection(SolutionConfigurationPlatforms) = preSolution
		Debug|Any CPU = Debug|Any CPU
		Release|Any CPU = Release|Any CPU
		ReleaseCore|Any CPU = ReleaseCore|Any CPU
	EndGlobalSection
	GlobalSection(ProjectConfigurationPlatforms) = postSolution
		{03BABC29-F287-4E3A-A9F2-791C90A24519}.Debug|Any CPU.ActiveCfg = Debug|Any CPU
		{03BABC29-F287-4E3A-A9F2-791C90A24519}.Debug|Any CPU.Build.0 = Debug|Any CPU
		{03BABC29-F287-4E3A-A9F2-791C90A24519}.Release|Any CPU.ActiveCfg = Release|Any CPU
		{03BABC29-F287-4E3A-A9F2-791C90A24519}.Release|Any CPU.Build.0 = Release|Any CPU
		{03BABC29-F287-4E3A-A9F2-791C90A24519}.ReleaseCore|Any CPU.ActiveCfg = ReleaseCore|Any CPU
		{A4560B6B-A31F-48B6-BE7A-0B03FBE44A4C}.Debug|Any CPU.ActiveCfg = Debug|Any CPU
		{A4560B6B-A31F-48B6-BE7A-0B03FBE44A4C}.Debug|Any CPU.Build.0 = Debug|Any CPU
		{A4560B6B-A31F-48B6-BE7A-0B03FBE44A4C}.Release|Any CPU.ActiveCfg = Release|Any CPU
		{A4560B6B-A31F-48B6-BE7A-0B03FBE44A4C}.Release|Any CPU.Build.0 = Release|Any CPU
		{A4560B6B-A31F-48B6-BE7A-0B03FBE44A4C}.ReleaseCore|Any CPU.ActiveCfg = ReleaseCore|Any CPU
		{A4560B6B-A31F-48B6-BE7A-0B03FBE44A4C}.ReleaseCore|Any CPU.Build.0 = ReleaseCore|Any CPU
		{3190172A-5CD4-4A01-AEEC-3C948FED9EDA}.Debug|Any CPU.ActiveCfg = Debug|Any CPU
		{3190172A-5CD4-4A01-AEEC-3C948FED9EDA}.Debug|Any CPU.Build.0 = Debug|Any CPU
		{3190172A-5CD4-4A01-AEEC-3C948FED9EDA}.Release|Any CPU.ActiveCfg = Release|Any CPU
		{3190172A-5CD4-4A01-AEEC-3C948FED9EDA}.Release|Any CPU.Build.0 = Release|Any CPU
		{3190172A-5CD4-4A01-AEEC-3C948FED9EDA}.ReleaseCore|Any CPU.ActiveCfg = ReleaseCore|Any CPU
		{3190172A-5CD4-4A01-AEEC-3C948FED9EDA}.ReleaseCore|Any CPU.Build.0 = ReleaseCore|Any CPU
	EndGlobalSection
	GlobalSection(SolutionProperties) = preSolution
		HideSolutionNode = FALSE
	EndGlobalSection
	GlobalSection(ExtensibilityGlobals) = postSolution
		SolutionGuid = {14E7F9B6-5BF3-4EB7-987D-E9DC2C9DAF1F}
	EndGlobalSection
EndGlobal
